
Microsoft Visual Studio Solution File, Format Version 10.00
# Visual Studio 2008
Project("{8BC9CEB8-8B4A-11D0-8D11-00A0C91BC942}") = "mandelbrot", "mandelbrot.vcproj", "{0BE07274-4F68-4C29-9E45-7BA5C54D3E18}"
	ProjectSection(ProjectDependencies) = postProject
		{8DEC7582-62EF-4108-AB51-BB37A9BFFF56} = {8DEC7582-62EF-4108-AB51-BB37A9BFFF56}
	EndProjectSection
EndProject
Project("{8BC9CEB8-8B4A-11D0-8D11-00A0C91BC942}") = "PixelToaster", "..\pixeltoaster\projects\PixelToaster.vcproj", "{8DEC7582-62EF-4108-AB51-BB37A9BFFF56}"
EndProject
Global
	GlobalSection(SolutionConfigurationPlatforms) = preSolution
		Debug|Win32 = Debug|Win32
		Release|Win32 = Release|Win32
	EndGlobalSection
	GlobalSection(ProjectConfigurationPlatforms) = postSolution
		{0BE07274-4F68-4C29-9E45-7BA5C54D3E18}.Debug|Win32.ActiveCfg = Debug|Win32
		{0BE07274-4F68-4C29-9E45-7BA5C54D3E18}.Debug|Win32.Build.0 = Debug|Win32
		{0BE07274-4F68-4C29-9E45-7BA5C54D3E18}.Release|Win32.ActiveCfg = Release|Win32
		{0BE07274-4F68-4C29-9E45-7BA5C54D3E18}.Release|Win32.Build.0 = Release|Win32
		{8DEC7582-62EF-4108-AB51-BB37A9BFFF56}.Debug|Win32.ActiveCfg = Debug|Win32
		{8DEC7582-62EF-4108-AB51-BB37A9BFFF56}.Debug|Win32.Build.0 = Debug|Win32
		{8DEC7582-62EF-4108-AB51-BB37A9BFFF56}.Release|Win32.ActiveCfg = Release|Win32
		{8DEC7582-62EF-4108-AB51-BB37A9BFFF56}.Release|Win32.Build.0 = Release|Win32
	EndGlobalSection
	GlobalSection(SolutionProperties) = preSolution
		HideSolutionNode = FALSE
	EndGlobalSection
EndGlobal
